
Microsoft Visual Studio Solution File, Format Version 12.00
# Visual Studio Version 17
VisualStudioVersion = 17.11.35222.181
MinimumVisualStudioVersion = 10.0.40219.1
Project("{FAE04EC0-301F-11D3-BF4B-00C04F79EFBC}") = "PaymentSystem", "PaymentSystem\PaymentSystem.csproj", "{563ABFF6-B871-405D-A964-DB8D7E695BAC}"
EndProject
Global
	GlobalSection(SolutionConfigurationPlatforms) = preSolution
		Debug|Any CPU = Debug|Any CPU
		Release|Any CPU = Release|Any CPU
	EndGlobalSection
	GlobalSection(ProjectConfigurationPlatforms) = postSolution
		{563ABFF6-B871-405D-A964-DB8D7E695BAC}.Debug|Any CPU.ActiveCfg = Debug|Any CPU
		{563ABFF6-B871-405D-A964-DB8D7E695BAC}.Debug|Any CPU.Build.0 = Debug|Any CPU
		{563ABFF6-B871-405D-A964-DB8D7E695BAC}.Release|Any CPU.ActiveCfg = Release|Any CPU
		{563ABFF6-B871-405D-A964-DB8D7E695BAC}.Release|Any CPU.Build.0 = Release|Any CPU
	EndGlobalSection
	GlobalSection(SolutionProperties) = preSolution
		HideSolutionNode = FALSE
	EndGlobalSection
	GlobalSection(ExtensibilityGlobals) = postSolution
		SolutionGuid = {A19809B6-9989-4C25-8404-70288411989F}
	EndGlobalSection
EndGlobal
